
Microsoft Visual Studio Solution File, Format Version 12.00
# Visual Studio Version 17
VisualStudioVersion = 17.14.36705.20 d17.14
MinimumVisualStudioVersion = 10.0.40219.1
Project("{FAE04EC0-301F-11D3-BF4B-00C04F79EFBC}") = "PostageCalculator", "PostageCalculator.csproj", "{FB6F8ABD-8CEB-DE3C-72D6-606A42694FC8}"
EndProject
Global
	GlobalSection(SolutionConfigurationPlatforms) = preSolution
		Debug|Any CPU = Debug|Any CPU
		Release|Any CPU = Release|Any CPU
	EndGlobalSection
	GlobalSection(ProjectConfigurationPlatforms) = postSolution
		{FB6F8ABD-8CEB-DE3C-72D6-606A42694FC8}.Debug|Any CPU.ActiveCfg = Debug|Any CPU
		{FB6F8ABD-8CEB-DE3C-72D6-606A42694FC8}.Debug|Any CPU.Build.0 = Debug|Any CPU
		{FB6F8ABD-8CEB-DE3C-72D6-606A42694FC8}.Release|Any CPU.ActiveCfg = Release|Any CPU
		{FB6F8ABD-8CEB-DE3C-72D6-606A42694FC8}.Release|Any CPU.Build.0 = Release|Any CPU
	EndGlobalSection
	GlobalSection(SolutionProperties) = preSolution
		HideSolutionNode = FALSE
	EndGlobalSection
	GlobalSection(ExtensibilityGlobals) = postSolution
		SolutionGuid = {DA246513-E9F4-4156-BEED-030DC3B014ED}
	EndGlobalSection
EndGlobal
